
Microsoft Visual Studio Solution File, Format Version 12.00
# Visual Studio Version 17
VisualStudioVersion = 17.5.33516.290
MinimumVisualStudioVersion = 10.0.40219.1
Project("{9A19103F-16F7-4668-BE54-9A1E7A4F7556}") = "Task_1", "Task_1\Task_1.csproj", "{ED20534A-BBDA-4690-98C5-1C0A4AB39784}"
EndProject
Project("{9A19103F-16F7-4668-BE54-9A1E7A4F7556}") = "Task_2", "Task_2\Task_2.csproj", "{D9372C2C-D352-42F5-9EE4-C393464EDC8D}"
EndProject
Project("{9A19103F-16F7-4668-BE54-9A1E7A4F7556}") = "Task_3", "Task_3\Task_3.csproj", "{C77DD35C-F4DC-4765-B5CE-6B99742076FC}"
EndProject
Project("{FAE04EC0-301F-11D3-BF4B-00C04F79EFBC}") = "Task_4", "Task_4\Task_4.csproj", "{16102D83-E8EC-4923-ADD5-60759B81E00E}"
EndProject
Global
	GlobalSection(SolutionConfigurationPlatforms) = preSolution
		Debug|Any CPU = Debug|Any CPU
		Release|Any CPU = Release|Any CPU
	EndGlobalSection
	GlobalSection(ProjectConfigurationPlatforms) = postSolution
		{ED20534A-BBDA-4690-98C5-1C0A4AB39784}.Debug|Any CPU.ActiveCfg = Debug|Any CPU
		{ED20534A-BBDA-4690-98C5-1C0A4AB39784}.Debug|Any CPU.Build.0 = Debug|Any CPU
		{ED20534A-BBDA-4690-98C5-1C0A4AB39784}.Release|Any CPU.ActiveCfg = Release|Any CPU
		{ED20534A-BBDA-4690-98C5-1C0A4AB39784}.Release|Any CPU.Build.0 = Release|Any CPU
		{D9372C2C-D352-42F5-9EE4-C393464EDC8D}.Debug|Any CPU.ActiveCfg = Debug|Any CPU
		{D9372C2C-D352-42F5-9EE4-C393464EDC8D}.Debug|Any CPU.Build.0 = Debug|Any CPU
		{D9372C2C-D352-42F5-9EE4-C393464EDC8D}.Release|Any CPU.ActiveCfg = Release|Any CPU
		{D9372C2C-D352-42F5-9EE4-C393464EDC8D}.Release|Any CPU.Build.0 = Release|Any CPU
		{C77DD35C-F4DC-4765-B5CE-6B99742076FC}.Debug|Any CPU.ActiveCfg = Debug|Any CPU
		{C77DD35C-F4DC-4765-B5CE-6B99742076FC}.Debug|Any CPU.Build.0 = Debug|Any CPU
		{C77DD35C-F4DC-4765-B5CE-6B99742076FC}.Release|Any CPU.ActiveCfg = Release|Any CPU
		{C77DD35C-F4DC-4765-B5CE-6B99742076FC}.Release|Any CPU.Build.0 = Release|Any CPU
		{16102D83-E8EC-4923-ADD5-60759B81E00E}.Debug|Any CPU.ActiveCfg = Debug|Any CPU
		{16102D83-E8EC-4923-ADD5-60759B81E00E}.Debug|Any CPU.Build.0 = Debug|Any CPU
		{16102D83-E8EC-4923-ADD5-60759B81E00E}.Release|Any CPU.ActiveCfg = Release|Any CPU
		{16102D83-E8EC-4923-ADD5-60759B81E00E}.Release|Any CPU.Build.0 = Release|Any CPU
	EndGlobalSection
	GlobalSection(SolutionProperties) = preSolution
		HideSolutionNode = FALSE
	EndGlobalSection
	GlobalSection(ExtensibilityGlobals) = postSolution
		SolutionGuid = {BFBF8AFB-5F77-4738-8379-B6317D95A914}
	EndGlobalSection
EndGlobal
