
Microsoft Visual Studio Solution File, Format Version 12.00
# Visual Studio Version 17
VisualStudioVersion = 17.6.33712.159
MinimumVisualStudioVersion = 10.0.40219.1
Project("{FAE04EC0-301F-11D3-BF4B-00C04F79EFBC}") = "Task_1", "Task_1\Task_1.csproj", "{393A31BC-4D3F-46D8-8D89-C6EA0F028C8E}"
EndProject
Project("{FAE04EC0-301F-11D3-BF4B-00C04F79EFBC}") = "Task_2", "Task_2\Task_2.csproj", "{8E9AB46C-5606-4EE1-8B5A-B24FAB54654D}"
EndProject
Project("{FAE04EC0-301F-11D3-BF4B-00C04F79EFBC}") = "Task_3", "Task_3\Task_3.csproj", "{A22C9E95-420E-409A-9F4B-463E165B266C}"
EndProject
Project("{FAE04EC0-301F-11D3-BF4B-00C04F79EFBC}") = "Task_4", "Task_4\Task_4.csproj", "{3A3AD02A-4E9E-4327-87D3-43F1899B37F2}"
EndProject
Project("{FAE04EC0-301F-11D3-BF4B-00C04F79EFBC}") = "Task_5", "Task_5\Task_5.csproj", "{B1FB9853-3E08-42D9-9601-13E4C045B416}"
EndProject
Global
	GlobalSection(SolutionConfigurationPlatforms) = preSolution
		Debug|Any CPU = Debug|Any CPU
		Release|Any CPU = Release|Any CPU
	EndGlobalSection
	GlobalSection(ProjectConfigurationPlatforms) = postSolution
		{393A31BC-4D3F-46D8-8D89-C6EA0F028C8E}.Debug|Any CPU.ActiveCfg = Debug|Any CPU
		{393A31BC-4D3F-46D8-8D89-C6EA0F028C8E}.Debug|Any CPU.Build.0 = Debug|Any CPU
		{393A31BC-4D3F-46D8-8D89-C6EA0F028C8E}.Release|Any CPU.ActiveCfg = Release|Any CPU
		{393A31BC-4D3F-46D8-8D89-C6EA0F028C8E}.Release|Any CPU.Build.0 = Release|Any CPU
		{8E9AB46C-5606-4EE1-8B5A-B24FAB54654D}.Debug|Any CPU.ActiveCfg = Debug|Any CPU
		{8E9AB46C-5606-4EE1-8B5A-B24FAB54654D}.Debug|Any CPU.Build.0 = Debug|Any CPU
		{8E9AB46C-5606-4EE1-8B5A-B24FAB54654D}.Release|Any CPU.ActiveCfg = Release|Any CPU
		{8E9AB46C-5606-4EE1-8B5A-B24FAB54654D}.Release|Any CPU.Build.0 = Release|Any CPU
		{A22C9E95-420E-409A-9F4B-463E165B266C}.Debug|Any CPU.ActiveCfg = Debug|Any CPU
		{A22C9E95-420E-409A-9F4B-463E165B266C}.Debug|Any CPU.Build.0 = Debug|Any CPU
		{A22C9E95-420E-409A-9F4B-463E165B266C}.Release|Any CPU.ActiveCfg = Release|Any CPU
		{A22C9E95-420E-409A-9F4B-463E165B266C}.Release|Any CPU.Build.0 = Release|Any CPU
		{3A3AD02A-4E9E-4327-87D3-43F1899B37F2}.Debug|Any CPU.ActiveCfg = Debug|Any CPU
		{3A3AD02A-4E9E-4327-87D3-43F1899B37F2}.Debug|Any CPU.Build.0 = Debug|Any CPU
		{3A3AD02A-4E9E-4327-87D3-43F1899B37F2}.Release|Any CPU.ActiveCfg = Release|Any CPU
		{3A3AD02A-4E9E-4327-87D3-43F1899B37F2}.Release|Any CPU.Build.0 = Release|Any CPU
		{B1FB9853-3E08-42D9-9601-13E4C045B416}.Debug|Any CPU.ActiveCfg = Debug|Any CPU
		{B1FB9853-3E08-42D9-9601-13E4C045B416}.Debug|Any CPU.Build.0 = Debug|Any CPU
		{B1FB9853-3E08-42D9-9601-13E4C045B416}.Release|Any CPU.ActiveCfg = Release|Any CPU
		{B1FB9853-3E08-42D9-9601-13E4C045B416}.Release|Any CPU.Build.0 = Release|Any CPU
	EndGlobalSection
	GlobalSection(SolutionProperties) = preSolution
		HideSolutionNode = FALSE
	EndGlobalSection
	GlobalSection(ExtensibilityGlobals) = postSolution
		SolutionGuid = {7003C5AD-8575-4E88-B28E-FECA77F57BCB}
	EndGlobalSection
EndGlobal
