
Microsoft Visual Studio Solution File, Format Version 12.00
# Visual Studio Version 17
VisualStudioVersion = 17.5.33516.290
MinimumVisualStudioVersion = 10.0.40219.1
Project("{9A19103F-16F7-4668-BE54-9A1E7A4F7556}") = "Task_1", "Task_1\Task_1.csproj", "{D8A087AD-5805-4BBA-8FD9-C27494F5DB4B}"
EndProject
Project("{9A19103F-16F7-4668-BE54-9A1E7A4F7556}") = "Task_2", "Task_2\Task_2.csproj", "{34943E3A-E84C-4AB3-A513-549E8A97F672}"
EndProject
Project("{FAE04EC0-301F-11D3-BF4B-00C04F79EFBC}") = "Task_3", "Task_3\Task_3.csproj", "{81112907-3B21-44CF-96BD-189DC2D17C03}"
EndProject
Global
	GlobalSection(SolutionConfigurationPlatforms) = preSolution
		Debug|Any CPU = Debug|Any CPU
		Release|Any CPU = Release|Any CPU
	EndGlobalSection
	GlobalSection(ProjectConfigurationPlatforms) = postSolution
		{D8A087AD-5805-4BBA-8FD9-C27494F5DB4B}.Debug|Any CPU.ActiveCfg = Debug|Any CPU
		{D8A087AD-5805-4BBA-8FD9-C27494F5DB4B}.Debug|Any CPU.Build.0 = Debug|Any CPU
		{D8A087AD-5805-4BBA-8FD9-C27494F5DB4B}.Release|Any CPU.ActiveCfg = Release|Any CPU
		{D8A087AD-5805-4BBA-8FD9-C27494F5DB4B}.Release|Any CPU.Build.0 = Release|Any CPU
		{34943E3A-E84C-4AB3-A513-549E8A97F672}.Debug|Any CPU.ActiveCfg = Debug|Any CPU
		{34943E3A-E84C-4AB3-A513-549E8A97F672}.Debug|Any CPU.Build.0 = Debug|Any CPU
		{34943E3A-E84C-4AB3-A513-549E8A97F672}.Release|Any CPU.ActiveCfg = Release|Any CPU
		{34943E3A-E84C-4AB3-A513-549E8A97F672}.Release|Any CPU.Build.0 = Release|Any CPU
		{81112907-3B21-44CF-96BD-189DC2D17C03}.Debug|Any CPU.ActiveCfg = Debug|Any CPU
		{81112907-3B21-44CF-96BD-189DC2D17C03}.Debug|Any CPU.Build.0 = Debug|Any CPU
		{81112907-3B21-44CF-96BD-189DC2D17C03}.Release|Any CPU.ActiveCfg = Release|Any CPU
		{81112907-3B21-44CF-96BD-189DC2D17C03}.Release|Any CPU.Build.0 = Release|Any CPU
	EndGlobalSection
	GlobalSection(SolutionProperties) = preSolution
		HideSolutionNode = FALSE
	EndGlobalSection
	GlobalSection(ExtensibilityGlobals) = postSolution
		SolutionGuid = {2D043A6D-6F53-44FE-97E4-2110EAE6BEC6}
	EndGlobalSection
EndGlobal
