
Microsoft Visual Studio Solution File, Format Version 12.00
# Visual Studio Version 17
VisualStudioVersion = 17.5.33516.290
MinimumVisualStudioVersion = 10.0.40219.1
Project("{FAE04EC0-301F-11D3-BF4B-00C04F79EFBC}") = "Task_1", "Task_1\Task_1.csproj", "{34C46FB9-1C66-40DF-9278-3BCE1C4EA84A}"
EndProject
Project("{FAE04EC0-301F-11D3-BF4B-00C04F79EFBC}") = "Task_2", "Task_2\Task_2.csproj", "{287647FA-2E1E-473F-8B11-D0DB3076E384}"
EndProject
Project("{FAE04EC0-301F-11D3-BF4B-00C04F79EFBC}") = "Task_3", "Task_3\Task_3.csproj", "{1A90CA3F-F2E5-4E1F-B4B2-86E15D5F2DEB}"
EndProject
Project("{FAE04EC0-301F-11D3-BF4B-00C04F79EFBC}") = "Task_4", "Task_4\Task_4.csproj", "{C1145A79-832C-4C1B-89D5-E7749B732BEC}"
EndProject
Global
	GlobalSection(SolutionConfigurationPlatforms) = preSolution
		Debug|Any CPU = Debug|Any CPU
		Release|Any CPU = Release|Any CPU
	EndGlobalSection
	GlobalSection(ProjectConfigurationPlatforms) = postSolution
		{34C46FB9-1C66-40DF-9278-3BCE1C4EA84A}.Debug|Any CPU.ActiveCfg = Debug|Any CPU
		{34C46FB9-1C66-40DF-9278-3BCE1C4EA84A}.Debug|Any CPU.Build.0 = Debug|Any CPU
		{34C46FB9-1C66-40DF-9278-3BCE1C4EA84A}.Release|Any CPU.ActiveCfg = Release|Any CPU
		{34C46FB9-1C66-40DF-9278-3BCE1C4EA84A}.Release|Any CPU.Build.0 = Release|Any CPU
		{287647FA-2E1E-473F-8B11-D0DB3076E384}.Debug|Any CPU.ActiveCfg = Debug|Any CPU
		{287647FA-2E1E-473F-8B11-D0DB3076E384}.Debug|Any CPU.Build.0 = Debug|Any CPU
		{287647FA-2E1E-473F-8B11-D0DB3076E384}.Release|Any CPU.ActiveCfg = Release|Any CPU
		{287647FA-2E1E-473F-8B11-D0DB3076E384}.Release|Any CPU.Build.0 = Release|Any CPU
		{1A90CA3F-F2E5-4E1F-B4B2-86E15D5F2DEB}.Debug|Any CPU.ActiveCfg = Debug|Any CPU
		{1A90CA3F-F2E5-4E1F-B4B2-86E15D5F2DEB}.Debug|Any CPU.Build.0 = Debug|Any CPU
		{1A90CA3F-F2E5-4E1F-B4B2-86E15D5F2DEB}.Release|Any CPU.ActiveCfg = Release|Any CPU
		{1A90CA3F-F2E5-4E1F-B4B2-86E15D5F2DEB}.Release|Any CPU.Build.0 = Release|Any CPU
		{C1145A79-832C-4C1B-89D5-E7749B732BEC}.Debug|Any CPU.ActiveCfg = Debug|Any CPU
		{C1145A79-832C-4C1B-89D5-E7749B732BEC}.Debug|Any CPU.Build.0 = Debug|Any CPU
		{C1145A79-832C-4C1B-89D5-E7749B732BEC}.Release|Any CPU.ActiveCfg = Release|Any CPU
		{C1145A79-832C-4C1B-89D5-E7749B732BEC}.Release|Any CPU.Build.0 = Release|Any CPU
	EndGlobalSection
	GlobalSection(SolutionProperties) = preSolution
		HideSolutionNode = FALSE
	EndGlobalSection
	GlobalSection(ExtensibilityGlobals) = postSolution
		SolutionGuid = {38BD9FCE-0E48-4331-AF9C-87370196248B}
	EndGlobalSection
EndGlobal
