
Microsoft Visual Studio Solution File, Format Version 12.00
# Visual Studio Version 17
VisualStudioVersion = 17.6.33712.159
MinimumVisualStudioVersion = 10.0.40219.1
Project("{FAE04EC0-301F-11D3-BF4B-00C04F79EFBC}") = "Task_1", "Task_1\Task_1.csproj", "{9F220B81-B5BE-4B50-A2D2-BFD0E46B8A2B}"
EndProject
Project("{FAE04EC0-301F-11D3-BF4B-00C04F79EFBC}") = "ClassLibrary1", "ClassLibrary1\ClassLibrary1.csproj", "{C1DB0FCB-199F-43E7-A43F-8DF6FD41D360}"
EndProject
Project("{FAE04EC0-301F-11D3-BF4B-00C04F79EFBC}") = "WeatherLibrary", "WeatherLibrary\WeatherLibrary.csproj", "{0CA617C5-063F-45BC-B3AF-AB11B770E3C7}"
EndProject
Project("{FAE04EC0-301F-11D3-BF4B-00C04F79EFBC}") = "Task_2", "Task_2\Task_2.csproj", "{BE1685B3-1C55-4267-BB92-29AA833B7663}"
EndProject
Global
	GlobalSection(SolutionConfigurationPlatforms) = preSolution
		Debug|Any CPU = Debug|Any CPU
		Release|Any CPU = Release|Any CPU
	EndGlobalSection
	GlobalSection(ProjectConfigurationPlatforms) = postSolution
		{9F220B81-B5BE-4B50-A2D2-BFD0E46B8A2B}.Debug|Any CPU.ActiveCfg = Debug|Any CPU
		{9F220B81-B5BE-4B50-A2D2-BFD0E46B8A2B}.Debug|Any CPU.Build.0 = Debug|Any CPU
		{9F220B81-B5BE-4B50-A2D2-BFD0E46B8A2B}.Release|Any CPU.ActiveCfg = Release|Any CPU
		{9F220B81-B5BE-4B50-A2D2-BFD0E46B8A2B}.Release|Any CPU.Build.0 = Release|Any CPU
		{C1DB0FCB-199F-43E7-A43F-8DF6FD41D360}.Debug|Any CPU.ActiveCfg = Debug|Any CPU
		{C1DB0FCB-199F-43E7-A43F-8DF6FD41D360}.Debug|Any CPU.Build.0 = Debug|Any CPU
		{C1DB0FCB-199F-43E7-A43F-8DF6FD41D360}.Release|Any CPU.ActiveCfg = Release|Any CPU
		{C1DB0FCB-199F-43E7-A43F-8DF6FD41D360}.Release|Any CPU.Build.0 = Release|Any CPU
		{0CA617C5-063F-45BC-B3AF-AB11B770E3C7}.Debug|Any CPU.ActiveCfg = Debug|Any CPU
		{0CA617C5-063F-45BC-B3AF-AB11B770E3C7}.Debug|Any CPU.Build.0 = Debug|Any CPU
		{0CA617C5-063F-45BC-B3AF-AB11B770E3C7}.Release|Any CPU.ActiveCfg = Release|Any CPU
		{0CA617C5-063F-45BC-B3AF-AB11B770E3C7}.Release|Any CPU.Build.0 = Release|Any CPU
		{BE1685B3-1C55-4267-BB92-29AA833B7663}.Debug|Any CPU.ActiveCfg = Debug|Any CPU
		{BE1685B3-1C55-4267-BB92-29AA833B7663}.Debug|Any CPU.Build.0 = Debug|Any CPU
		{BE1685B3-1C55-4267-BB92-29AA833B7663}.Release|Any CPU.ActiveCfg = Release|Any CPU
		{BE1685B3-1C55-4267-BB92-29AA833B7663}.Release|Any CPU.Build.0 = Release|Any CPU
	EndGlobalSection
	GlobalSection(SolutionProperties) = preSolution
		HideSolutionNode = FALSE
	EndGlobalSection
	GlobalSection(ExtensibilityGlobals) = postSolution
		SolutionGuid = {59BE03ED-9F3F-4BA6-8A08-BF1BF9A451DA}
	EndGlobalSection
EndGlobal
