
Microsoft Visual Studio Solution File, Format Version 12.00
# Visual Studio Version 17
VisualStudioVersion = 17.5.33516.290
MinimumVisualStudioVersion = 10.0.40219.1
Project("{FAE04EC0-301F-11D3-BF4B-00C04F79EFBC}") = "Task_1", "Task_1\Task_1.csproj", "{E841C5F8-E943-4296-915E-7C6C687633F4}"
EndProject
Project("{FAE04EC0-301F-11D3-BF4B-00C04F79EFBC}") = "Task_3", "Task_2\Task_3.csproj", "{D0D1A8C0-11FB-400A-8171-9B4F90CCDA86}"
EndProject
Project("{FAE04EC0-301F-11D3-BF4B-00C04F79EFBC}") = "Task_2.0", "Task_2.0\Task_2.0.csproj", "{1076914E-2CBD-462F-B600-01A12910D718}"
EndProject
Project("{FAE04EC0-301F-11D3-BF4B-00C04F79EFBC}") = "Task_4", "Task_4\Task_4.csproj", "{5B8991D3-F237-407C-BB30-F391F93B8C03}"
EndProject
Project("{FAE04EC0-301F-11D3-BF4B-00C04F79EFBC}") = "Task_5", "Task_5\Task_5.csproj", "{BBA4FB36-C35C-444E-A2A4-0410918A7B96}"
EndProject
Global
	GlobalSection(SolutionConfigurationPlatforms) = preSolution
		Debug|Any CPU = Debug|Any CPU
		Release|Any CPU = Release|Any CPU
	EndGlobalSection
	GlobalSection(ProjectConfigurationPlatforms) = postSolution
		{E841C5F8-E943-4296-915E-7C6C687633F4}.Debug|Any CPU.ActiveCfg = Debug|Any CPU
		{E841C5F8-E943-4296-915E-7C6C687633F4}.Debug|Any CPU.Build.0 = Debug|Any CPU
		{E841C5F8-E943-4296-915E-7C6C687633F4}.Release|Any CPU.ActiveCfg = Release|Any CPU
		{E841C5F8-E943-4296-915E-7C6C687633F4}.Release|Any CPU.Build.0 = Release|Any CPU
		{D0D1A8C0-11FB-400A-8171-9B4F90CCDA86}.Debug|Any CPU.ActiveCfg = Debug|Any CPU
		{D0D1A8C0-11FB-400A-8171-9B4F90CCDA86}.Debug|Any CPU.Build.0 = Debug|Any CPU
		{D0D1A8C0-11FB-400A-8171-9B4F90CCDA86}.Release|Any CPU.ActiveCfg = Release|Any CPU
		{D0D1A8C0-11FB-400A-8171-9B4F90CCDA86}.Release|Any CPU.Build.0 = Release|Any CPU
		{1076914E-2CBD-462F-B600-01A12910D718}.Debug|Any CPU.ActiveCfg = Debug|Any CPU
		{1076914E-2CBD-462F-B600-01A12910D718}.Debug|Any CPU.Build.0 = Debug|Any CPU
		{1076914E-2CBD-462F-B600-01A12910D718}.Release|Any CPU.ActiveCfg = Release|Any CPU
		{1076914E-2CBD-462F-B600-01A12910D718}.Release|Any CPU.Build.0 = Release|Any CPU
		{5B8991D3-F237-407C-BB30-F391F93B8C03}.Debug|Any CPU.ActiveCfg = Debug|Any CPU
		{5B8991D3-F237-407C-BB30-F391F93B8C03}.Debug|Any CPU.Build.0 = Debug|Any CPU
		{5B8991D3-F237-407C-BB30-F391F93B8C03}.Release|Any CPU.ActiveCfg = Release|Any CPU
		{5B8991D3-F237-407C-BB30-F391F93B8C03}.Release|Any CPU.Build.0 = Release|Any CPU
		{BBA4FB36-C35C-444E-A2A4-0410918A7B96}.Debug|Any CPU.ActiveCfg = Debug|Any CPU
		{BBA4FB36-C35C-444E-A2A4-0410918A7B96}.Debug|Any CPU.Build.0 = Debug|Any CPU
		{BBA4FB36-C35C-444E-A2A4-0410918A7B96}.Release|Any CPU.ActiveCfg = Release|Any CPU
		{BBA4FB36-C35C-444E-A2A4-0410918A7B96}.Release|Any CPU.Build.0 = Release|Any CPU
	EndGlobalSection
	GlobalSection(SolutionProperties) = preSolution
		HideSolutionNode = FALSE
	EndGlobalSection
	GlobalSection(ExtensibilityGlobals) = postSolution
		SolutionGuid = {4BFDFD12-B7F3-4E9F-A7BF-015AB1D54325}
	EndGlobalSection
EndGlobal
