
Microsoft Visual Studio Solution File, Format Version 12.00
# Visual Studio Version 17
VisualStudioVersion = 17.5.33516.290
MinimumVisualStudioVersion = 10.0.40219.1
Project("{FAE04EC0-301F-11D3-BF4B-00C04F79EFBC}") = "Task_1", "Task_1\Task_1.csproj", "{59DDAD1E-3849-4141-8481-5B5BA1D2855E}"
EndProject
Project("{FAE04EC0-301F-11D3-BF4B-00C04F79EFBC}") = "Task_2", "Task_2\Task_2.csproj", "{AA87B3AD-A5E2-4CAA-B783-FD27EACABADB}"
EndProject
Project("{FAE04EC0-301F-11D3-BF4B-00C04F79EFBC}") = "Task_3", "Task_3\Task_3.csproj", "{FA0DB485-FE7F-4397-A68C-E421C019DE3E}"
EndProject
Global
	GlobalSection(SolutionConfigurationPlatforms) = preSolution
		Debug|Any CPU = Debug|Any CPU
		Release|Any CPU = Release|Any CPU
	EndGlobalSection
	GlobalSection(ProjectConfigurationPlatforms) = postSolution
		{59DDAD1E-3849-4141-8481-5B5BA1D2855E}.Debug|Any CPU.ActiveCfg = Debug|Any CPU
		{59DDAD1E-3849-4141-8481-5B5BA1D2855E}.Debug|Any CPU.Build.0 = Debug|Any CPU
		{59DDAD1E-3849-4141-8481-5B5BA1D2855E}.Release|Any CPU.ActiveCfg = Release|Any CPU
		{59DDAD1E-3849-4141-8481-5B5BA1D2855E}.Release|Any CPU.Build.0 = Release|Any CPU
		{AA87B3AD-A5E2-4CAA-B783-FD27EACABADB}.Debug|Any CPU.ActiveCfg = Debug|Any CPU
		{AA87B3AD-A5E2-4CAA-B783-FD27EACABADB}.Debug|Any CPU.Build.0 = Debug|Any CPU
		{AA87B3AD-A5E2-4CAA-B783-FD27EACABADB}.Release|Any CPU.ActiveCfg = Release|Any CPU
		{AA87B3AD-A5E2-4CAA-B783-FD27EACABADB}.Release|Any CPU.Build.0 = Release|Any CPU
		{FA0DB485-FE7F-4397-A68C-E421C019DE3E}.Debug|Any CPU.ActiveCfg = Debug|Any CPU
		{FA0DB485-FE7F-4397-A68C-E421C019DE3E}.Debug|Any CPU.Build.0 = Debug|Any CPU
		{FA0DB485-FE7F-4397-A68C-E421C019DE3E}.Release|Any CPU.ActiveCfg = Release|Any CPU
		{FA0DB485-FE7F-4397-A68C-E421C019DE3E}.Release|Any CPU.Build.0 = Release|Any CPU
	EndGlobalSection
	GlobalSection(SolutionProperties) = preSolution
		HideSolutionNode = FALSE
	EndGlobalSection
	GlobalSection(ExtensibilityGlobals) = postSolution
		SolutionGuid = {878F4638-BF2C-4F79-A6AD-7FE351A35030}
	EndGlobalSection
EndGlobal
